
Microsoft Visual Studio Solution File, Format Version 12.00
# Visual Studio 15
VisualStudioVersion = 15.0.26124.0
MinimumVisualStudioVersion = 15.0.26124.0
Project("{FAE04EC0-301F-11D3-BF4B-00C04F79EFBC}") = "API", "API\API.csproj", "{990853E3-AD4B-4CC0-93F4-4BFBC9ADD8CF}"
EndProject
Project("{FAE04EC0-301F-11D3-BF4B-00C04F79EFBC}") = "Application", "Application\Application.csproj", "{C4CFBB5D-8583-49E1-BA5D-5A90DF6A76A1}"
EndProject
Project("{FAE04EC0-301F-11D3-BF4B-00C04F79EFBC}") = "Domain", "Domain\Domain.csproj", "{B99031F5-E4E0-4FF2-9F71-D7C9D3FA9BE1}"
EndProject
Project("{FAE04EC0-301F-11D3-BF4B-00C04F79EFBC}") = "Persistence", "Persistence\Persistence.csproj", "{CC427432-2E0C-4E17-B8BB-91F5BD7C1FB3}"
EndProject
Global
	GlobalSection(SolutionConfigurationPlatforms) = preSolution
		Debug|Any CPU = Debug|Any CPU
		Debug|x64 = Debug|x64
		Debug|x86 = Debug|x86
		Release|Any CPU = Release|Any CPU
		Release|x64 = Release|x64
		Release|x86 = Release|x86
	EndGlobalSection
	GlobalSection(SolutionProperties) = preSolution
		HideSolutionNode = FALSE
	EndGlobalSection
	GlobalSection(ProjectConfigurationPlatforms) = postSolution
		{990853E3-AD4B-4CC0-93F4-4BFBC9ADD8CF}.Debug|Any CPU.ActiveCfg = Debug|Any CPU
		{990853E3-AD4B-4CC0-93F4-4BFBC9ADD8CF}.Debug|Any CPU.Build.0 = Debug|Any CPU
		{990853E3-AD4B-4CC0-93F4-4BFBC9ADD8CF}.Debug|x64.ActiveCfg = Debug|Any CPU
		{990853E3-AD4B-4CC0-93F4-4BFBC9ADD8CF}.Debug|x64.Build.0 = Debug|Any CPU
		{990853E3-AD4B-4CC0-93F4-4BFBC9ADD8CF}.Debug|x86.ActiveCfg = Debug|Any CPU
		{990853E3-AD4B-4CC0-93F4-4BFBC9ADD8CF}.Debug|x86.Build.0 = Debug|Any CPU
		{990853E3-AD4B-4CC0-93F4-4BFBC9ADD8CF}.Release|Any CPU.ActiveCfg = Release|Any CPU
		{990853E3-AD4B-4CC0-93F4-4BFBC9ADD8CF}.Release|Any CPU.Build.0 = Release|Any CPU
		{990853E3-AD4B-4CC0-93F4-4BFBC9ADD8CF}.Release|x64.ActiveCfg = Release|Any CPU
		{990853E3-AD4B-4CC0-93F4-4BFBC9ADD8CF}.Release|x64.Build.0 = Release|Any CPU
		{990853E3-AD4B-4CC0-93F4-4BFBC9ADD8CF}.Release|x86.ActiveCfg = Release|Any CPU
		{990853E3-AD4B-4CC0-93F4-4BFBC9ADD8CF}.Release|x86.Build.0 = Release|Any CPU
		{C4CFBB5D-8583-49E1-BA5D-5A90DF6A76A1}.Debug|Any CPU.ActiveCfg = Debug|Any CPU
		{C4CFBB5D-8583-49E1-BA5D-5A90DF6A76A1}.Debug|Any CPU.Build.0 = Debug|Any CPU
		{C4CFBB5D-8583-49E1-BA5D-5A90DF6A76A1}.Debug|x64.ActiveCfg = Debug|Any CPU
		{C4CFBB5D-8583-49E1-BA5D-5A90DF6A76A1}.Debug|x64.Build.0 = Debug|Any CPU
		{C4CFBB5D-8583-49E1-BA5D-5A90DF6A76A1}.Debug|x86.ActiveCfg = Debug|Any CPU
		{C4CFBB5D-8583-49E1-BA5D-5A90DF6A76A1}.Debug|x86.Build.0 = Debug|Any CPU
		{C4CFBB5D-8583-49E1-BA5D-5A90DF6A76A1}.Release|Any CPU.ActiveCfg = Release|Any CPU
		{C4CFBB5D-8583-49E1-BA5D-5A90DF6A76A1}.Release|Any CPU.Build.0 = Release|Any CPU
		{C4CFBB5D-8583-49E1-BA5D-5A90DF6A76A1}.Release|x64.ActiveCfg = Release|Any CPU
		{C4CFBB5D-8583-49E1-BA5D-5A90DF6A76A1}.Release|x64.Build.0 = Release|Any CPU
		{C4CFBB5D-8583-49E1-BA5D-5A90DF6A76A1}.Release|x86.ActiveCfg = Release|Any CPU
		{C4CFBB5D-8583-49E1-BA5D-5A90DF6A76A1}.Release|x86.Build.0 = Release|Any CPU
		{B99031F5-E4E0-4FF2-9F71-D7C9D3FA9BE1}.Debug|Any CPU.ActiveCfg = Debug|Any CPU
		{B99031F5-E4E0-4FF2-9F71-D7C9D3FA9BE1}.Debug|Any CPU.Build.0 = Debug|Any CPU
		{B99031F5-E4E0-4FF2-9F71-D7C9D3FA9BE1}.Debug|x64.ActiveCfg = Debug|Any CPU
		{B99031F5-E4E0-4FF2-9F71-D7C9D3FA9BE1}.Debug|x64.Build.0 = Debug|Any CPU
		{B99031F5-E4E0-4FF2-9F71-D7C9D3FA9BE1}.Debug|x86.ActiveCfg = Debug|Any CPU
		{B99031F5-E4E0-4FF2-9F71-D7C9D3FA9BE1}.Debug|x86.Build.0 = Debug|Any CPU
		{B99031F5-E4E0-4FF2-9F71-D7C9D3FA9BE1}.Release|Any CPU.ActiveCfg = Release|Any CPU
		{B99031F5-E4E0-4FF2-9F71-D7C9D3FA9BE1}.Release|Any CPU.Build.0 = Release|Any CPU
		{B99031F5-E4E0-4FF2-9F71-D7C9D3FA9BE1}.Release|x64.ActiveCfg = Release|Any CPU
		{B99031F5-E4E0-4FF2-9F71-D7C9D3FA9BE1}.Release|x64.Build.0 = Release|Any CPU
		{B99031F5-E4E0-4FF2-9F71-D7C9D3FA9BE1}.Release|x86.ActiveCfg = Release|Any CPU
		{B99031F5-E4E0-4FF2-9F71-D7C9D3FA9BE1}.Release|x86.Build.0 = Release|Any CPU
		{CC427432-2E0C-4E17-B8BB-91F5BD7C1FB3}.Debug|Any CPU.ActiveCfg = Debug|Any CPU
		{CC427432-2E0C-4E17-B8BB-91F5BD7C1FB3}.Debug|Any CPU.Build.0 = Debug|Any CPU
		{CC427432-2E0C-4E17-B8BB-91F5BD7C1FB3}.Debug|x64.ActiveCfg = Debug|Any CPU
		{CC427432-2E0C-4E17-B8BB-91F5BD7C1FB3}.Debug|x64.Build.0 = Debug|Any CPU
		{CC427432-2E0C-4E17-B8BB-91F5BD7C1FB3}.Debug|x86.ActiveCfg = Debug|Any CPU
		{CC427432-2E0C-4E17-B8BB-91F5BD7C1FB3}.Debug|x86.Build.0 = Debug|Any CPU
		{CC427432-2E0C-4E17-B8BB-91F5BD7C1FB3}.Release|Any CPU.ActiveCfg = Release|Any CPU
		{CC427432-2E0C-4E17-B8BB-91F5BD7C1FB3}.Release|Any CPU.Build.0 = Release|Any CPU
		{CC427432-2E0C-4E17-B8BB-91F5BD7C1FB3}.Release|x64.ActiveCfg = Release|Any CPU
		{CC427432-2E0C-4E17-B8BB-91F5BD7C1FB3}.Release|x64.Build.0 = Release|Any CPU
		{CC427432-2E0C-4E17-B8BB-91F5BD7C1FB3}.Release|x86.ActiveCfg = Release|Any CPU
		{CC427432-2E0C-4E17-B8BB-91F5BD7C1FB3}.Release|x86.Build.0 = Release|Any CPU
	EndGlobalSection
EndGlobal
